
Microsoft Visual Studio Solution File, Format Version 12.00
# Visual Studio Version 17
VisualStudioVersion = 17.3.32901.215
MinimumVisualStudioVersion = 10.0.40219.1
Project("{FAE04EC0-301F-11D3-BF4B-00C04F79EFBC}") = "BasicAPI", "BasicAPI\BasicAPI.csproj", "{98AC3FF6-EC3B-4DB0-AF9D-E165A69E78A0}"
EndProject
Global
	GlobalSection(SolutionConfigurationPlatforms) = preSolution
		Debug|Any CPU = Debug|Any CPU
		Release|Any CPU = Release|Any CPU
	EndGlobalSection
	GlobalSection(ProjectConfigurationPlatforms) = postSolution
		{98AC3FF6-EC3B-4DB0-AF9D-E165A69E78A0}.Debug|Any CPU.ActiveCfg = Debug|Any CPU
		{98AC3FF6-EC3B-4DB0-AF9D-E165A69E78A0}.Debug|Any CPU.Build.0 = Debug|Any CPU
		{98AC3FF6-EC3B-4DB0-AF9D-E165A69E78A0}.Release|Any CPU.ActiveCfg = Release|Any CPU
		{98AC3FF6-EC3B-4DB0-AF9D-E165A69E78A0}.Release|Any CPU.Build.0 = Release|Any CPU
	EndGlobalSection
	GlobalSection(SolutionProperties) = preSolution
		HideSolutionNode = FALSE
	EndGlobalSection
	GlobalSection(ExtensibilityGlobals) = postSolution
		SolutionGuid = {5B4D2513-9760-4349-933A-736F01C4A8D8}
	EndGlobalSection
EndGlobal
