
Microsoft Visual Studio Solution File, Format Version 12.00
# Visual Studio Version 17
VisualStudioVersion = 17.3.32901.215
MinimumVisualStudioVersion = 10.0.40219.1
Project("{FAE04EC0-301F-11D3-BF4B-00C04F79EFBC}") = "api_ruthHershler", "api_ruthHershler\api_ruthHershler.csproj", "{386EC7E8-6EEA-40D8-9EF1-56C94C6173ED}"
EndProject
Global
	GlobalSection(SolutionConfigurationPlatforms) = preSolution
		Debug|Any CPU = Debug|Any CPU
		Release|Any CPU = Release|Any CPU
	EndGlobalSection
	GlobalSection(ProjectConfigurationPlatforms) = postSolution
		{386EC7E8-6EEA-40D8-9EF1-56C94C6173ED}.Debug|Any CPU.ActiveCfg = Debug|Any CPU
		{386EC7E8-6EEA-40D8-9EF1-56C94C6173ED}.Debug|Any CPU.Build.0 = Debug|Any CPU
		{386EC7E8-6EEA-40D8-9EF1-56C94C6173ED}.Release|Any CPU.ActiveCfg = Release|Any CPU
		{386EC7E8-6EEA-40D8-9EF1-56C94C6173ED}.Release|Any CPU.Build.0 = Release|Any CPU
	EndGlobalSection
	GlobalSection(SolutionProperties) = preSolution
		HideSolutionNode = FALSE
	EndGlobalSection
	GlobalSection(ExtensibilityGlobals) = postSolution
		SolutionGuid = {7656689E-422B-4350-81C3-8E645D5AB0C0}
	EndGlobalSection
EndGlobal
